
Microsoft Visual Studio Solution File, Format Version 12.00
# Visual Studio Version 17
VisualStudioVersion = 17.6.33723.286
MinimumVisualStudioVersion = 10.0.40219.1
Project("{9A19103F-16F7-4668-BE54-9A1E7A4F7556}") = "advance_csharp", "advance_csharp.csproj", "{D03015EB-38E6-41D1-8D11-B2B51113C1D0}"
EndProject
Project("{9A19103F-16F7-4668-BE54-9A1E7A4F7556}") = "advance_csharp.database", "..\advance_csharp.database\advance_csharp.database.csproj", "{97158D96-58A9-47B4-AB43-CEBD7069630B}"
EndProject
Project("{9A19103F-16F7-4668-BE54-9A1E7A4F7556}") = "advance_csharp.service", "..\advance_csharp.service\advance_csharp.service.csproj", "{3F4B31B8-F852-4F3E-A825-F2A7F4FD153D}"
EndProject
Project("{9A19103F-16F7-4668-BE54-9A1E7A4F7556}") = "advance_csharp.dto", "..\advance_csharp.dto\advance_csharp.dto.csproj", "{9C4C1ABD-2569-421A-9C1E-E9D7B0C98190}"
EndProject
Project("{FAE04EC0-301F-11D3-BF4B-00C04F79EFBC}") = "advance_csharp.test", "..\advance_csharp.test\advance_csharp.test.csproj", "{A2DEC996-B2E5-4B28-AC02-BAE4D49384A5}"
EndProject
Global
	GlobalSection(SolutionConfigurationPlatforms) = preSolution
		Debug|Any CPU = Debug|Any CPU
		Release|Any CPU = Release|Any CPU
	EndGlobalSection
	GlobalSection(ProjectConfigurationPlatforms) = postSolution
		{D03015EB-38E6-41D1-8D11-B2B51113C1D0}.Debug|Any CPU.ActiveCfg = Debug|Any CPU
		{D03015EB-38E6-41D1-8D11-B2B51113C1D0}.Debug|Any CPU.Build.0 = Debug|Any CPU
		{D03015EB-38E6-41D1-8D11-B2B51113C1D0}.Release|Any CPU.ActiveCfg = Release|Any CPU
		{D03015EB-38E6-41D1-8D11-B2B51113C1D0}.Release|Any CPU.Build.0 = Release|Any CPU
		{97158D96-58A9-47B4-AB43-CEBD7069630B}.Debug|Any CPU.ActiveCfg = Debug|Any CPU
		{97158D96-58A9-47B4-AB43-CEBD7069630B}.Debug|Any CPU.Build.0 = Debug|Any CPU
		{97158D96-58A9-47B4-AB43-CEBD7069630B}.Release|Any CPU.ActiveCfg = Release|Any CPU
		{97158D96-58A9-47B4-AB43-CEBD7069630B}.Release|Any CPU.Build.0 = Release|Any CPU
		{3F4B31B8-F852-4F3E-A825-F2A7F4FD153D}.Debug|Any CPU.ActiveCfg = Debug|Any CPU
		{3F4B31B8-F852-4F3E-A825-F2A7F4FD153D}.Debug|Any CPU.Build.0 = Debug|Any CPU
		{3F4B31B8-F852-4F3E-A825-F2A7F4FD153D}.Release|Any CPU.ActiveCfg = Release|Any CPU
		{3F4B31B8-F852-4F3E-A825-F2A7F4FD153D}.Release|Any CPU.Build.0 = Release|Any CPU
		{9C4C1ABD-2569-421A-9C1E-E9D7B0C98190}.Debug|Any CPU.ActiveCfg = Debug|Any CPU
		{9C4C1ABD-2569-421A-9C1E-E9D7B0C98190}.Debug|Any CPU.Build.0 = Debug|Any CPU
		{9C4C1ABD-2569-421A-9C1E-E9D7B0C98190}.Release|Any CPU.ActiveCfg = Release|Any CPU
		{9C4C1ABD-2569-421A-9C1E-E9D7B0C98190}.Release|Any CPU.Build.0 = Release|Any CPU
		{A2DEC996-B2E5-4B28-AC02-BAE4D49384A5}.Debug|Any CPU.ActiveCfg = Debug|Any CPU
		{A2DEC996-B2E5-4B28-AC02-BAE4D49384A5}.Debug|Any CPU.Build.0 = Debug|Any CPU
		{A2DEC996-B2E5-4B28-AC02-BAE4D49384A5}.Release|Any CPU.ActiveCfg = Release|Any CPU
		{A2DEC996-B2E5-4B28-AC02-BAE4D49384A5}.Release|Any CPU.Build.0 = Release|Any CPU
	EndGlobalSection
	GlobalSection(SolutionProperties) = preSolution
		HideSolutionNode = FALSE
	EndGlobalSection
	GlobalSection(ExtensibilityGlobals) = postSolution
		SolutionGuid = {FDA44D40-8E68-40D8-8790-41B5F089A547}
	EndGlobalSection
EndGlobal
